// !$*UTF8*$!
{
	archiveVersion = 1;
	classes = {
	};
	objectVersion = 77;
	objects = {

/* Begin PBXBuildFile section */
		ABCD0001AA00000100000001 /* GoogleSignIn in Frameworks */ = {isa = PBXBuildFile; productRef = ABCD0002AA00000100000001 /* GoogleSignIn */; };
		E1230001E1230001E1230001 /* AdjustSdk in Frameworks */ = {isa = PBXBuildFile; productRef = E1230002E1230002E1230002 /* AdjustSdk */; };
		F1A20001F1A20001F1A20001 /* FirebaseAnalytics in Frameworks */ = {isa = PBXBuildFile; productRef = F1A20002F1A20002F1A20002 /* FirebaseAnalytics */; };
		F1A20004F1A20004F1A20004 /* GoogleService-Info.plist in Resources */ = {isa = PBXBuildFile; fileRef = F1A20005F1A20005F1A20005 /* GoogleService-Info.plist */; };
		FBA30001FBA30001FBA30001 /* FacebookCore in Frameworks */ = {isa = PBXBuildFile; productRef = FBA30002FBA30002FBA30002 /* FacebookCore */; };
/* End PBXBuildFile section */

/* Begin PBXContainerItemProxy section */
		9BDFA8D830301E5300499773 /* PBXContainerItemProxy */ = {
			isa = PBXContainerItemProxy;
			containerPortal = 9BDFA8C230301E5200499773 /* Project object */;
			proxyType = 1;
			remoteGlobalIDString = 9BDFA8C930301E5200499773;
			remoteInfo = photoreviveaiedit;
		};
		9BDFA8E230301E5300499773 /* PBXContainerItemProxy */ = {
			isa = PBXContainerItemProxy;
			containerPortal = 9BDFA8C230301E5200499773 /* Project object */;
			proxyType = 1;
			remoteGlobalIDString = 9BDFA8C930301E5200499773;
			remoteInfo = photoreviveaiedit;
		};
/* End PBXContainerItemProxy section */

/* Begin PBXFileReference section */
		9BDFA8CA30301E5200499773 /* photoreviveaiedit.app */ = {isa = PBXFileReference; explicitFileType = wrapper.application; includeInIndex = 0; path = photoreviveaiedit.app; sourceTree = BUILT_PRODUCTS_DIR; };
		9BDFA8D730301E5300499773 /* photoreviveaieditTests.xctest */ = {isa = PBXFileReference; explicitFileType = wrapper.cfbundle; includeInIndex = 0; path = photoreviveaieditTests.xctest; sourceTree = BUILT_PRODUCTS_DIR; };
		9BDFA8E130301E5300499773 /* photoreviveaieditUITests.xctest */ = {isa = PBXFileReference; explicitFileType = wrapper.cfbundle; includeInIndex = 0; path = photoreviveaieditUITests.xctest; sourceTree = BUILT_PRODUCTS_DIR; };
		F1A20005F1A20005F1A20005 /* GoogleService-Info.plist */ = {isa = PBXFileReference; lastKnownFileType = text.plist.xml; path = "GoogleService-Info.plist"; sourceTree = "<group>"; };
/* End PBXFileReference section */

/* Begin PBXFileSystemSynchronizedRootGroup section */
		9BDFA8CC30301E5200499773 /* photoreviveaiedit */ = {
			isa = PBXFileSystemSynchronizedRootGroup;
			path = photoreviveaiedit;
			sourceTree = "<group>";
		};
		9BDFA8DA30301E5300499773 /* photoreviveaieditTests */ = {
			isa = PBXFileSystemSynchronizedRootGroup;
			path = photoreviveaieditTests;
			sourceTree = "<group>";
		};
		9BDFA8E430301E5300499773 /* photoreviveaieditUITests */ = {
			isa = PBXFileSystemSynchronizedRootGroup;
			path = photoreviveaieditUITests;
			sourceTree = "<group>";
		};
/* End PBXFileSystemSynchronizedRootGroup section */

/* Begin PBXFrameworksBuildPhase section */
		9BDFA8C730301E5200499773 /* Frameworks */ = {
			isa = PBXFrameworksBuildPhase;
			buildActionMask = 2147483647;
			files = (
				FBA30001FBA30001FBA30001 /* FacebookCore in Frameworks */,
				F1A20001F1A20001F1A20001 /* FirebaseAnalytics in Frameworks */,
				ABCD0001AA00000100000001 /* GoogleSignIn in Frameworks */,
				E1230001E1230001E1230001 /* AdjustSdk in Frameworks */,
			);
			runOnlyForDeploymentPostprocessing = 0;
		};
		9BDFA8D430301E5300499773 /* Frameworks */ = {
			isa = PBXFrameworksBuildPhase;
			buildActionMask = 2147483647;
			files = (
			);
			runOnlyForDeploymentPostprocessing = 0;
		};
		9BDFA8DE30301E5300499773 /* Frameworks */ = {
			isa = PBXFrameworksBuildPhase;
			buildActionMask = 2147483647;
			files = (
			);
			runOnlyForDeploymentPostprocessing = 0;
		};
/* End PBXFrameworksBuildPhase section */

/* Begin PBXGroup section */
		9BDFA8C130301E5200499773 = {
			isa = PBXGroup;
			children = (
				F1A20005F1A20005F1A20005 /* GoogleService-Info.plist */,
				9BDFA8CC30301E5200499773 /* photoreviveaiedit */,
				9BDFA8DA30301E5300499773 /* photoreviveaieditTests */,
				9BDFA8E430301E5300499773 /* photoreviveaieditUITests */,
				9BDFA8CB30301E5200499773 /* Products */,
			);
			sourceTree = "<group>";
		};
		9BDFA8CB30301E5200499773 /* Products */ = {
			isa = PBXGroup;
			children = (
				9BDFA8CA30301E5200499773 /* photoreviveaiedit.app */,
				9BDFA8D730301E5300499773 /* photoreviveaieditTests.xctest */,
				9BDFA8E130301E5300499773 /* photoreviveaieditUITests.xctest */,
			);
			name = Products;
			sourceTree = "<group>";
		};
/* End PBXGroup section */

/* Begin PBXNativeTarget section */
		9BDFA8C930301E5200499773 /* photoreviveaiedit */ = {
			isa = PBXNativeTarget;
			buildConfigurationList = 9BDFA8EB30301E5300499773 /* Build configuration list for PBXNativeTarget "photoreviveaiedit" */;
			buildPhases = (
				9BDFA8C630301E5200499773 /* Sources */,
				9BDFA8C730301E5200499773 /* Frameworks */,
				9BDFA8C830301E5200499773 /* Resources */,
			);
			buildRules = (
			);
			dependencies = (
			);
			fileSystemSynchronizedGroups = (
				9BDFA8CC30301E5200499773 /* photoreviveaiedit */,
			);
			name = photoreviveaiedit;
			packageProductDependencies = (
				FBA30002FBA30002FBA30002 /* FacebookCore */,
				F1A20002F1A20002F1A20002 /* FirebaseAnalytics */,
				ABCD0002AA00000100000001 /* GoogleSignIn */,
				E1230002E1230002E1230002 /* AdjustSdk */,
			);
			productName = photoreviveaiedit;
			productReference = 9BDFA8CA30301E5200499773 /* photoreviveaiedit.app */;
			productType = "com.apple.product-type.application";
		};
		9BDFA8D630301E5300499773 /* photoreviveaieditTests */ = {
			isa = PBXNativeTarget;
			buildConfigurationList = 9BDFA8EE30301E5300499773 /* Build configuration list for PBXNativeTarget "photoreviveaieditTests" */;
			buildPhases = (
				9BDFA8D330301E5300499773 /* Sources */,
				9BDFA8D430301E5300499773 /* Frameworks */,
				9BDFA8D530301E5300499773 /* Resources */,
			);
			buildRules = (
			);
			dependencies = (
				9BDFA8D930301E5300499773 /* PBXTargetDependency */,
			);
			fileSystemSynchronizedGroups = (
				9BDFA8DA30301E5300499773 /* photoreviveaieditTests */,
			);
			name = photoreviveaieditTests;
			packageProductDependencies = (
			);
			productName = photoreviveaieditTests;
			productReference = 9BDFA8D730301E5300499773 /* photoreviveaieditTests.xctest */;
			productType = "com.apple.product-type.bundle.unit-test";
		};
		9BDFA8E030301E5300499773 /* photoreviveaieditUITests */ = {
			isa = PBXNativeTarget;
			buildConfigurationList = 9BDFA8F130301E5300499773 /* Build configuration list for PBXNativeTarget "photoreviveaieditUITests" */;
			buildPhases = (
				9BDFA8DD30301E5300499773 /* Sources */,
				9BDFA8DE30301E5300499773 /* Frameworks */,
				9BDFA8DF30301E5300499773 /* Resources */,
			);
			buildRules = (
			);
			dependencies = (
				9BDFA8E330301E5300499773 /* PBXTargetDependency */,
			);
			fileSystemSynchronizedGroups = (
				9BDFA8E430301E5300499773 /* photoreviveaieditUITests */,
			);
			name = photoreviveaieditUITests;
			packageProductDependencies = (
			);
			productName = photoreviveaieditUITests;
			productReference = 9BDFA8E130301E5300499773 /* photoreviveaieditUITests.xctest */;
			productType = "com.apple.product-type.bundle.ui-testing";
		};
/* End PBXNativeTarget section */

/* Begin PBXProject section */
		9BDFA8C230301E5200499773 /* Project object */ = {
			isa = PBXProject;
			attributes = {
				BuildIndependentTargetsInParallel = 1;
				LastSwiftUpdateCheck = 2620;
				LastUpgradeCheck = 2620;
				TargetAttributes = {
					9BDFA8C930301E5200499773 = {
						CreatedOnToolsVersion = 26.2;
					};
					9BDFA8D630301E5300499773 = {
						CreatedOnToolsVersion = 26.2;
						TestTargetID = 9BDFA8C930301E5200499773;
					};
					9BDFA8E030301E5300499773 = {
						CreatedOnToolsVersion = 26.2;
						TestTargetID = 9BDFA8C930301E5200499773;
					};
				};
			};
			buildConfigurationList = 9BDFA8C530301E5200499773 /* Build configuration list for PBXProject "photoreviveaiedit" */;
			developmentRegion = en;
			hasScannedForEncodings = 0;
			knownRegions = (
				en,
				Base,
			);
			mainGroup = 9BDFA8C130301E5200499773;
			minimizedProjectReferenceProxies = 1;
			packageReferences = (
				FBA30003FBA30003FBA30003 /* XCRemoteSwiftPackageReference "facebook-ios-sdk" */,
				F1A20003F1A20003F1A20003 /* XCRemoteSwiftPackageReference "firebase-ios-sdk" */,
				ABCD0003AA00000100000001 /* XCRemoteSwiftPackageReference "GoogleSignIn-iOS" */,
				E1230003E1230003E1230003 /* XCRemoteSwiftPackageReference "ios_sdk" */,
			);
			preferredProjectObjectVersion = 77;
			productRefGroup = 9BDFA8CB30301E5200499773 /* Products */;
			projectDirPath = "";
			projectRoot = "";
			targets = (
				9BDFA8C930301E5200499773 /* photoreviveaiedit */,
				9BDFA8D630301E5300499773 /* photoreviveaieditTests */,
				9BDFA8E030301E5300499773 /* photoreviveaieditUITests */,
			);
		};
/* End PBXProject section */

/* Begin PBXResourcesBuildPhase section */
		9BDFA8C830301E5200499773 /* Resources */ = {
			isa = PBXResourcesBuildPhase;
			buildActionMask = 2147483647;
			files = (
				F1A20004F1A20004F1A20004 /* GoogleService-Info.plist in Resources */,
			);
			runOnlyForDeploymentPostprocessing = 0;
		};
		9BDFA8D530301E5300499773 /* Resources */ = {
			isa = PBXResourcesBuildPhase;
			buildActionMask = 2147483647;
			files = (
			);
			runOnlyForDeploymentPostprocessing = 0;
		};
		9BDFA8DF30301E5300499773 /* Resources */ = {
			isa = PBXResourcesBuildPhase;
			buildActionMask = 2147483647;
			files = (
			);
			runOnlyForDeploymentPostprocessing = 0;
		};
/* End PBXResourcesBuildPhase section */

/* Begin PBXSourcesBuildPhase section */
		9BDFA8C630301E5200499773 /* Sources */ = {
			isa = PBXSourcesBuildPhase;
			buildActionMask = 2147483647;
			files = (
			);
			runOnlyForDeploymentPostprocessing = 0;
		};
		9BDFA8D330301E5300499773 /* Sources */ = {
			isa = PBXSourcesBuildPhase;
			buildActionMask = 2147483647;
			files = (
			);
			runOnlyForDeploymentPostprocessing = 0;
		};
		9BDFA8DD30301E5300499773 /* Sources */ = {
			isa = PBXSourcesBuildPhase;
			buildActionMask = 2147483647;
			files = (
			);
			runOnlyForDeploymentPostprocessing = 0;
		};
/* End PBXSourcesBuildPhase section */

/* Begin PBXTargetDependency section */
		9BDFA8D930301E5300499773 /* PBXTargetDependency */ = {
			isa = PBXTargetDependency;
			target = 9BDFA8C930301E5200499773 /* photoreviveaiedit */;
			targetProxy = 9BDFA8D830301E5300499773 /* PBXContainerItemProxy */;
		};
		9BDFA8E330301E5300499773 /* PBXTargetDependency */ = {
			isa = PBXTargetDependency;
			target = 9BDFA8C930301E5200499773 /* photoreviveaiedit */;
			targetProxy = 9BDFA8E230301E5300499773 /* PBXContainerItemProxy */;
		};
/* End PBXTargetDependency section */

/* Begin XCBuildConfiguration section */
		9BDFA8E930301E5300499773 /* Debug */ = {
			isa = XCBuildConfiguration;
			buildSettings = {
				ALWAYS_SEARCH_USER_PATHS = NO;
				ASSETCATALOG_COMPILER_GENERATE_SWIFT_ASSET_SYMBOL_EXTENSIONS = YES;
				CLANG_ANALYZER_NONNULL = YES;
				CLANG_ANALYZER_NUMBER_OBJECT_CONVERSION = YES_AGGRESSIVE;
				CLANG_CXX_LANGUAGE_STANDARD = "gnu++20";
				CLANG_ENABLE_MODULES = YES;
				CLANG_ENABLE_OBJC_ARC = YES;
				CLANG_ENABLE_OBJC_WEAK = YES;
				CLANG_WARN_BLOCK_CAPTURE_AUTORELEASING = YES;
				CLANG_WARN_BOOL_CONVERSION = YES;
				CLANG_WARN_COMMA = YES;
				CLANG_WARN_CONSTANT_CONVERSION = YES;
				CLANG_WARN_DEPRECATED_OBJC_IMPLEMENTATIONS = YES;
				CLANG_WARN_DIRECT_OBJC_ISA_USAGE = YES_ERROR;
				CLANG_WARN_DOCUMENTATION_COMMENTS = YES;
				CLANG_WARN_EMPTY_BODY = YES;
				CLANG_WARN_ENUM_CONVERSION = YES;
				CLANG_WARN_INFINITE_RECURSION = YES;
				CLANG_WARN_INT_CONVERSION = YES;
				CLANG_WARN_NON_LITERAL_NULL_CONVERSION = YES;
				CLANG_WARN_OBJC_IMPLICIT_RETAIN_SELF = YES;
				CLANG_WARN_OBJC_LITERAL_CONVERSION = YES;
				CLANG_WARN_OBJC_ROOT_CLASS = YES_ERROR;
				CLANG_WARN_QUOTED_INCLUDE_IN_FRAMEWORK_HEADER = YES;
				CLANG_WARN_RANGE_LOOP_ANALYSIS = YES;
				CLANG_WARN_STRICT_PROTOTYPES = YES;
				CLANG_WARN_SUSPICIOUS_MOVE = YES;
				CLANG_WARN_UNGUARDED_AVAILABILITY = YES_AGGRESSIVE;
				CLANG_WARN_UNREACHABLE_CODE = YES;
				CLANG_WARN__DUPLICATE_METHOD_MATCH = YES;
				COPY_PHASE_STRIP = NO;
				DEBUG_INFORMATION_FORMAT = dwarf;
				ENABLE_STRICT_OBJC_MSGSEND = YES;
				ENABLE_TESTABILITY = YES;
				ENABLE_USER_SCRIPT_SANDBOXING = YES;
				GCC_C_LANGUAGE_STANDARD = gnu17;
				GCC_DYNAMIC_NO_PIC = NO;
				GCC_NO_COMMON_BLOCKS = YES;
				GCC_OPTIMIZATION_LEVEL = 0;
				GCC_PREPROCESSOR_DEFINITIONS = (
					"DEBUG=1",
					"$(inherited)",
				);
				GCC_WARN_64_TO_32_BIT_CONVERSION = YES;
				GCC_WARN_ABOUT_RETURN_TYPE = YES_ERROR;
				GCC_WARN_UNDECLARED_SELECTOR = YES;
				GCC_WARN_UNINITIALIZED_AUTOS = YES_AGGRESSIVE;
				GCC_WARN_UNUSED_FUNCTION = YES;
				GCC_WARN_UNUSED_VARIABLE = YES;
				IPHONEOS_DEPLOYMENT_TARGET = 26.2;
				LOCALIZATION_PREFERS_STRING_CATALOGS = YES;
				MTL_ENABLE_DEBUG_INFO = INCLUDE_SOURCE;
				MTL_FAST_MATH = YES;
				ONLY_ACTIVE_ARCH = YES;
				SDKROOT = iphoneos;
				SWIFT_ACTIVE_COMPILATION_CONDITIONS = "DEBUG $(inherited)";
				SWIFT_OPTIMIZATION_LEVEL = "-Onone";
			};
			name = Debug;
		};
		9BDFA8EA30301E5300499773 /* Release */ = {
			isa = XCBuildConfiguration;
			buildSettings = {
				ALWAYS_SEARCH_USER_PATHS = NO;
				ASSETCATALOG_COMPILER_GENERATE_SWIFT_ASSET_SYMBOL_EXTENSIONS = YES;
				CLANG_ANALYZER_NONNULL = YES;
				CLANG_ANALYZER_NUMBER_OBJECT_CONVERSION = YES_AGGRESSIVE;
				CLANG_CXX_LANGUAGE_STANDARD = "gnu++20";
				CLANG_ENABLE_MODULES = YES;
				CLANG_ENABLE_OBJC_ARC = YES;
				CLANG_ENABLE_OBJC_WEAK = YES;
				CLANG_WARN_BLOCK_CAPTURE_AUTORELEASING = YES;
				CLANG_WARN_BOOL_CONVERSION = YES;
				CLANG_WARN_COMMA = YES;
				CLANG_WARN_CONSTANT_CONVERSION = YES;
				CLANG_WARN_DEPRECATED_OBJC_IMPLEMENTATIONS = YES;
				CLANG_WARN_DIRECT_OBJC_ISA_USAGE = YES_ERROR;
				CLANG_WARN_DOCUMENTATION_COMMENTS = YES;
				CLANG_WARN_EMPTY_BODY = YES;
				CLANG_WARN_ENUM_CONVERSION = YES;
				CLANG_WARN_INFINITE_RECURSION = YES;
				CLANG_WARN_INT_CONVERSION = YES;
				CLANG_WARN_NON_LITERAL_NULL_CONVERSION = YES;
				CLANG_WARN_OBJC_IMPLICIT_RETAIN_SELF = YES;
				CLANG_WARN_OBJC_LITERAL_CONVERSION = YES;
				CLANG_WARN_OBJC_ROOT_CLASS = YES_ERROR;
				CLANG_WARN_QUOTED_INCLUDE_IN_FRAMEWORK_HEADER = YES;
				CLANG_WARN_RANGE_LOOP_ANALYSIS = YES;
				CLANG_WARN_STRICT_PROTOTYPES = YES;
				CLANG_WARN_SUSPICIOUS_MOVE = YES;
				CLANG_WARN_UNGUARDED_AVAILABILITY = YES_AGGRESSIVE;
				CLANG_WARN_UNREACHABLE_CODE = YES;
				CLANG_WARN__DUPLICATE_METHOD_MATCH = YES;
				COPY_PHASE_STRIP = NO;
				DEBUG_INFORMATION_FORMAT = "dwarf-with-dsym";
				ENABLE_NS_ASSERTIONS = NO;
				ENABLE_STRICT_OBJC_MSGSEND = YES;
				ENABLE_USER_SCRIPT_SANDBOXING = YES;
				GCC_C_LANGUAGE_STANDARD = gnu17;
				GCC_NO_COMMON_BLOCKS = YES;
				GCC_WARN_64_TO_32_BIT_CONVERSION = YES;
				GCC_WARN_ABOUT_RETURN_TYPE = YES_ERROR;
				GCC_WARN_UNDECLARED_SELECTOR = YES;
				GCC_WARN_UNINITIALIZED_AUTOS = YES_AGGRESSIVE;
				GCC_WARN_UNUSED_FUNCTION = YES;
				GCC_WARN_UNUSED_VARIABLE = YES;
				IPHONEOS_DEPLOYMENT_TARGET = 26.2;
				LOCALIZATION_PREFERS_STRING_CATALOGS = YES;
				MTL_ENABLE_DEBUG_INFO = NO;
				MTL_FAST_MATH = YES;
				SDKROOT = iphoneos;
				SWIFT_COMPILATION_MODE = wholemodule;
				VALIDATE_PRODUCT = YES;
			};
			name = Release;
		};
		9BDFA8EC30301E5300499773 /* Debug */ = {
			isa = XCBuildConfiguration;
			buildSettings = {
				ADJUST_ENVIRONMENT = sandbox;
				ASSETCATALOG_COMPILER_APPICON_NAME = AppIcon;
				ASSETCATALOG_COMPILER_GLOBAL_ACCENT_COLOR_NAME = AccentColor;
				CODE_SIGN_ENTITLEMENTS = photoreviveaiedit/photoreviveaiedit.entitlements;
				"CODE_SIGN_IDENTITY[sdk=iphoneos*]" = "iPhone Developer";
				CODE_SIGN_STYLE = Manual;
				CURRENT_PROJECT_VERSION = 1;
				DEVELOPMENT_TEAM = "";
				"DEVELOPMENT_TEAM[sdk=iphoneos*]" = NXQ273YHT7;
				ENABLE_PREVIEWS = YES;
				GENERATE_INFOPLIST_FILE = NO;
				INFOPLIST_FILE = Config/PhotoReviveInfo.plist;
				INFOPLIST_KEY_NSUserTrackingUsageDescription = "We use device data to measure advertising performance and improve Photo Revival.";
				INFOPLIST_KEY_UIApplicationSceneManifest_Generation = YES;
				INFOPLIST_KEY_UIApplicationSupportsIndirectInputEvents = YES;
				INFOPLIST_KEY_UILaunchScreen_Generation = YES;
				INFOPLIST_KEY_UISupportedInterfaceOrientations_iPad = "UIInterfaceOrientationPortrait UIInterfaceOrientationPortraitUpsideDown UIInterfaceOrientationLandscapeLeft UIInterfaceOrientationLandscapeRight";
				INFOPLIST_KEY_UISupportedInterfaceOrientations_iPhone = "UIInterfaceOrientationPortrait UIInterfaceOrientationLandscapeLeft UIInterfaceOrientationLandscapeRight";
				LD_RUNPATH_SEARCH_PATHS = (
					"$(inherited)",
					"@executable_path/Frameworks",
				);
				MARKETING_VERSION = 1.0;
				PHOTO_REVIVE_APP_ID = photorevival;
				PHOTO_REVIVE_GOOGLE_IOS_CLIENT_ID = "354535275492-6cnj3rk0jea8s7fku92nredsne4psacp.apps.googleusercontent.com";
				PHOTO_REVIVE_GOOGLE_REVERSED_CLIENT_ID = "com.googleusercontent.apps.354535275492-6cnj3rk0jea8s7fku92nredsne4psacp";
				PHOTO_REVIVE_GOOGLE_SERVER_CLIENT_ID = "354535275492-2ed44h63sckjedrp195c7606u5k96t31.apps.googleusercontent.com";
				PRODUCT_BUNDLE_IDENTIFIER = com.alihantakaz.photorevival;
				PRODUCT_NAME = "$(TARGET_NAME)";
				PROVISIONING_PROFILE_SPECIFIER = "";
				"PROVISIONING_PROFILE_SPECIFIER[sdk=iphoneos*]" = "Photo Revival Development Apple SignIn";
				STRING_CATALOG_GENERATE_SYMBOLS = YES;
				SWIFT_APPROACHABLE_CONCURRENCY = YES;
				SWIFT_DEFAULT_ACTOR_ISOLATION = MainActor;
				SWIFT_EMIT_LOC_STRINGS = YES;
				SWIFT_UPCOMING_FEATURE_MEMBER_IMPORT_VISIBILITY = YES;
				SWIFT_VERSION = 5.0;
				TARGETED_DEVICE_FAMILY = "1,2";
			};
			name = Debug;
		};
		9BDFA8ED30301E5300499773 /* Release */ = {
			isa = XCBuildConfiguration;
			buildSettings = {
				ADJUST_ENVIRONMENT = production;
				ASSETCATALOG_COMPILER_APPICON_NAME = AppIcon;
				ASSETCATALOG_COMPILER_GLOBAL_ACCENT_COLOR_NAME = AccentColor;
				CODE_SIGN_ENTITLEMENTS = photoreviveaiedit/photoreviveaiedit.entitlements;
				"CODE_SIGN_IDENTITY[sdk=iphoneos*]" = "iPhone Developer";
				CODE_SIGN_STYLE = Manual;
				CURRENT_PROJECT_VERSION = 1;
				DEVELOPMENT_TEAM = "";
				"DEVELOPMENT_TEAM[sdk=iphoneos*]" = NXQ273YHT7;
				ENABLE_PREVIEWS = YES;
				GENERATE_INFOPLIST_FILE = NO;
				INFOPLIST_FILE = Config/PhotoReviveInfo.plist;
				INFOPLIST_KEY_NSUserTrackingUsageDescription = "We use device data to measure advertising performance and improve Photo Revival.";
				INFOPLIST_KEY_UIApplicationSceneManifest_Generation = YES;
				INFOPLIST_KEY_UIApplicationSupportsIndirectInputEvents = YES;
				INFOPLIST_KEY_UILaunchScreen_Generation = YES;
				INFOPLIST_KEY_UISupportedInterfaceOrientations_iPad = "UIInterfaceOrientationPortrait UIInterfaceOrientationPortraitUpsideDown UIInterfaceOrientationLandscapeLeft UIInterfaceOrientationLandscapeRight";
				INFOPLIST_KEY_UISupportedInterfaceOrientations_iPhone = "UIInterfaceOrientationPortrait UIInterfaceOrientationLandscapeLeft UIInterfaceOrientationLandscapeRight";
				LD_RUNPATH_SEARCH_PATHS = (
					"$(inherited)",
					"@executable_path/Frameworks",
				);
				MARKETING_VERSION = 1.0;
				PHOTO_REVIVE_APP_ID = photorevival;
				PHOTO_REVIVE_GOOGLE_IOS_CLIENT_ID = "354535275492-6cnj3rk0jea8s7fku92nredsne4psacp.apps.googleusercontent.com";
				PHOTO_REVIVE_GOOGLE_REVERSED_CLIENT_ID = "com.googleusercontent.apps.354535275492-6cnj3rk0jea8s7fku92nredsne4psacp";
				PHOTO_REVIVE_GOOGLE_SERVER_CLIENT_ID = "354535275492-2ed44h63sckjedrp195c7606u5k96t31.apps.googleusercontent.com";
				PRODUCT_BUNDLE_IDENTIFIER = com.alihantakaz.photorevival;
				PRODUCT_NAME = "$(TARGET_NAME)";
				PROVISIONING_PROFILE_SPECIFIER = "";
				"PROVISIONING_PROFILE_SPECIFIER[sdk=iphoneos*]" = "Photo Revival Development Apple SignIn";
				STRING_CATALOG_GENERATE_SYMBOLS = YES;
				SWIFT_APPROACHABLE_CONCURRENCY = YES;
				SWIFT_DEFAULT_ACTOR_ISOLATION = MainActor;
				SWIFT_EMIT_LOC_STRINGS = YES;
				SWIFT_UPCOMING_FEATURE_MEMBER_IMPORT_VISIBILITY = YES;
				SWIFT_VERSION = 5.0;
				TARGETED_DEVICE_FAMILY = "1,2";
			};
			name = Release;
		};
		9BDFA8EF30301E5300499773 /* Debug */ = {
			isa = XCBuildConfiguration;
			buildSettings = {
				BUNDLE_LOADER = "$(TEST_HOST)";
				CODE_SIGN_STYLE = Automatic;
				CURRENT_PROJECT_VERSION = 1;
				GENERATE_INFOPLIST_FILE = YES;
				IPHONEOS_DEPLOYMENT_TARGET = 26.2;
				MARKETING_VERSION = 1.0;
				PRODUCT_BUNDLE_IDENTIFIER = com.photoreviveaiedit.kk.photoreviveaieditTests;
				PRODUCT_NAME = "$(TARGET_NAME)";
				STRING_CATALOG_GENERATE_SYMBOLS = NO;
				SWIFT_APPROACHABLE_CONCURRENCY = YES;
				SWIFT_EMIT_LOC_STRINGS = NO;
				SWIFT_UPCOMING_FEATURE_MEMBER_IMPORT_VISIBILITY = YES;
				SWIFT_VERSION = 5.0;
				TARGETED_DEVICE_FAMILY = "1,2";
				TEST_HOST = "$(BUILT_PRODUCTS_DIR)/photoreviveaiedit.app/$(BUNDLE_EXECUTABLE_FOLDER_PATH)/photoreviveaiedit";
			};
			name = Debug;
		};
		9BDFA8F030301E5300499773 /* Release */ = {
			isa = XCBuildConfiguration;
			buildSettings = {
				BUNDLE_LOADER = "$(TEST_HOST)";
				CODE_SIGN_STYLE = Automatic;
				CURRENT_PROJECT_VERSION = 1;
				GENERATE_INFOPLIST_FILE = YES;
				IPHONEOS_DEPLOYMENT_TARGET = 26.2;
				MARKETING_VERSION = 1.0;
				PRODUCT_BUNDLE_IDENTIFIER = com.photoreviveaiedit.kk.photoreviveaieditTests;
				PRODUCT_NAME = "$(TARGET_NAME)";
				STRING_CATALOG_GENERATE_SYMBOLS = NO;
				SWIFT_APPROACHABLE_CONCURRENCY = YES;
				SWIFT_EMIT_LOC_STRINGS = NO;
				SWIFT_UPCOMING_FEATURE_MEMBER_IMPORT_VISIBILITY = YES;
				SWIFT_VERSION = 5.0;
				TARGETED_DEVICE_FAMILY = "1,2";
				TEST_HOST = "$(BUILT_PRODUCTS_DIR)/photoreviveaiedit.app/$(BUNDLE_EXECUTABLE_FOLDER_PATH)/photoreviveaiedit";
			};
			name = Release;
		};
		9BDFA8F230301E5300499773 /* Debug */ = {
			isa = XCBuildConfiguration;
			buildSettings = {
				CODE_SIGN_STYLE = Automatic;
				CURRENT_PROJECT_VERSION = 1;
				GENERATE_INFOPLIST_FILE = YES;
				MARKETING_VERSION = 1.0;
				PRODUCT_BUNDLE_IDENTIFIER = com.photoreviveaiedit.kk.photoreviveaieditUITests;
				PRODUCT_NAME = "$(TARGET_NAME)";
				STRING_CATALOG_GENERATE_SYMBOLS = NO;
				SWIFT_APPROACHABLE_CONCURRENCY = YES;
				SWIFT_EMIT_LOC_STRINGS = NO;
				SWIFT_UPCOMING_FEATURE_MEMBER_IMPORT_VISIBILITY = YES;
				SWIFT_VERSION = 5.0;
				TARGETED_DEVICE_FAMILY = "1,2";
				TEST_TARGET_NAME = photoreviveaiedit;
			};
			name = Debug;
		};
		9BDFA8F330301E5300499773 /* Release */ = {
			isa = XCBuildConfiguration;
			buildSettings = {
				CODE_SIGN_STYLE = Automatic;
				CURRENT_PROJECT_VERSION = 1;
				GENERATE_INFOPLIST_FILE = YES;
				MARKETING_VERSION = 1.0;
				PRODUCT_BUNDLE_IDENTIFIER = com.photoreviveaiedit.kk.photoreviveaieditUITests;
				PRODUCT_NAME = "$(TARGET_NAME)";
				STRING_CATALOG_GENERATE_SYMBOLS = NO;
				SWIFT_APPROACHABLE_CONCURRENCY = YES;
				SWIFT_EMIT_LOC_STRINGS = NO;
				SWIFT_UPCOMING_FEATURE_MEMBER_IMPORT_VISIBILITY = YES;
				SWIFT_VERSION = 5.0;
				TARGETED_DEVICE_FAMILY = "1,2";
				TEST_TARGET_NAME = photoreviveaiedit;
			};
			name = Release;
		};
/* End XCBuildConfiguration section */

/* Begin XCConfigurationList section */
		9BDFA8C530301E5200499773 /* Build configuration list for PBXProject "photoreviveaiedit" */ = {
			isa = XCConfigurationList;
			buildConfigurations = (
				9BDFA8E930301E5300499773 /* Debug */,
				9BDFA8EA30301E5300499773 /* Release */,
			);
			defaultConfigurationIsVisible = 0;
			defaultConfigurationName = Release;
		};
		9BDFA8EB30301E5300499773 /* Build configuration list for PBXNativeTarget "photoreviveaiedit" */ = {
			isa = XCConfigurationList;
			buildConfigurations = (
				9BDFA8EC30301E5300499773 /* Debug */,
				9BDFA8ED30301E5300499773 /* Release */,
			);
			defaultConfigurationIsVisible = 0;
			defaultConfigurationName = Release;
		};
		9BDFA8EE30301E5300499773 /* Build configuration list for PBXNativeTarget "photoreviveaieditTests" */ = {
			isa = XCConfigurationList;
			buildConfigurations = (
				9BDFA8EF30301E5300499773 /* Debug */,
				9BDFA8F030301E5300499773 /* Release */,
			);
			defaultConfigurationIsVisible = 0;
			defaultConfigurationName = Release;
		};
		9BDFA8F130301E5300499773 /* Build configuration list for PBXNativeTarget "photoreviveaieditUITests" */ = {
			isa = XCConfigurationList;
			buildConfigurations = (
				9BDFA8F230301E5300499773 /* Debug */,
				9BDFA8F330301E5300499773 /* Release */,
			);
			defaultConfigurationIsVisible = 0;
			defaultConfigurationName = Release;
		};
/* End XCConfigurationList section */

/* Begin XCRemoteSwiftPackageReference section */
		ABCD0003AA00000100000001 /* XCRemoteSwiftPackageReference "GoogleSignIn-iOS" */ = {
			isa = XCRemoteSwiftPackageReference;
			repositoryURL = "https://github.com/google/GoogleSignIn-iOS.git";
			requirement = {
				kind = upToNextMajorVersion;
				minimumVersion = 9.1.0;
			};
		};
		E1230003E1230003E1230003 /* XCRemoteSwiftPackageReference "ios_sdk" */ = {
			isa = XCRemoteSwiftPackageReference;
			repositoryURL = "https://github.com/adjust/ios_sdk.git";
			requirement = {
				kind = upToNextMajorVersion;
				minimumVersion = 5.8.0;
			};
		};
		F1A20003F1A20003F1A20003 /* XCRemoteSwiftPackageReference "firebase-ios-sdk" */ = {
			isa = XCRemoteSwiftPackageReference;
			repositoryURL = "https://github.com/firebase/firebase-ios-sdk.git";
			requirement = {
				kind = upToNextMajorVersion;
				minimumVersion = 12.18.0;
			};
		};
		FBA30003FBA30003FBA30003 /* XCRemoteSwiftPackageReference "facebook-ios-sdk" */ = {
			isa = XCRemoteSwiftPackageReference;
			repositoryURL = "https://github.com/facebook/facebook-ios-sdk.git";
			requirement = {
				kind = upToNextMajorVersion;
				minimumVersion = 18.1.0;
			};
		};
/* End XCRemoteSwiftPackageReference section */

/* Begin XCSwiftPackageProductDependency section */
		ABCD0002AA00000100000001 /* GoogleSignIn */ = {
			isa = XCSwiftPackageProductDependency;
			package = ABCD0003AA00000100000001 /* XCRemoteSwiftPackageReference "GoogleSignIn-iOS" */;
			productName = GoogleSignIn;
		};
		E1230002E1230002E1230002 /* AdjustSdk */ = {
			isa = XCSwiftPackageProductDependency;
			package = E1230003E1230003E1230003 /* XCRemoteSwiftPackageReference "ios_sdk" */;
			productName = AdjustSdk;
		};
		F1A20002F1A20002F1A20002 /* FirebaseAnalytics */ = {
			isa = XCSwiftPackageProductDependency;
			package = F1A20003F1A20003F1A20003 /* XCRemoteSwiftPackageReference "firebase-ios-sdk" */;
			productName = FirebaseAnalytics;
		};
		FBA30002FBA30002FBA30002 /* FacebookCore */ = {
			isa = XCSwiftPackageProductDependency;
			package = FBA30003FBA30003FBA30003 /* XCRemoteSwiftPackageReference "facebook-ios-sdk" */;
			productName = FacebookCore;
		};
/* End XCSwiftPackageProductDependency section */
	};
	rootObject = 9BDFA8C230301E5200499773 /* Project object */;
}
